
Microsoft Visual Studio Solution File, Format Version 12.00
# Visual Studio 15
VisualStudioVersion = 15.0.26124.0
MinimumVisualStudioVersion = 15.0.26124.0
Project("{FAE04EC0-301F-11D3-BF4B-00C04F79EFBC}") = "RecipesBookWebApi", "RecipesBookWebApi\RecipesBookWebApi.csproj", "{C6C5958F-8F61-4A72-A81F-9793F43587C8}"
EndProject
Project("{FAE04EC0-301F-11D3-BF4B-00C04F79EFBC}") = "RecipesBookBll", "RecipesBookBll\RecipesBookBll.csproj", "{89CB4215-513A-4DA3-827A-49C0DC653D83}"
EndProject
Project("{FAE04EC0-301F-11D3-BF4B-00C04F79EFBC}") = "RecipesBookDal", "RecipesBookDal\RecipesBookDal.csproj", "{E01AF074-6405-4A88-8A80-DA0F22E641F8}"
EndProject
Project("{FAE04EC0-301F-11D3-BF4B-00C04F79EFBC}") = "RecipesBookDomain", "RecipesBookDomain\RecipesBookDomain.csproj", "{C5DE4E71-EF82-4BE9-8BD0-48C18F940AFD}"
EndProject
Global
	GlobalSection(SolutionConfigurationPlatforms) = preSolution
		Debug|Any CPU = Debug|Any CPU
		Debug|x64 = Debug|x64
		Debug|x86 = Debug|x86
		Release|Any CPU = Release|Any CPU
		Release|x64 = Release|x64
		Release|x86 = Release|x86
	EndGlobalSection
	GlobalSection(SolutionProperties) = preSolution
		HideSolutionNode = FALSE
	EndGlobalSection
	GlobalSection(ProjectConfigurationPlatforms) = postSolution
		{C6C5958F-8F61-4A72-A81F-9793F43587C8}.Debug|Any CPU.ActiveCfg = Debug|Any CPU
		{C6C5958F-8F61-4A72-A81F-9793F43587C8}.Debug|Any CPU.Build.0 = Debug|Any CPU
		{C6C5958F-8F61-4A72-A81F-9793F43587C8}.Debug|x64.ActiveCfg = Debug|Any CPU
		{C6C5958F-8F61-4A72-A81F-9793F43587C8}.Debug|x64.Build.0 = Debug|Any CPU
		{C6C5958F-8F61-4A72-A81F-9793F43587C8}.Debug|x86.ActiveCfg = Debug|Any CPU
		{C6C5958F-8F61-4A72-A81F-9793F43587C8}.Debug|x86.Build.0 = Debug|Any CPU
		{C6C5958F-8F61-4A72-A81F-9793F43587C8}.Release|Any CPU.ActiveCfg = Release|Any CPU
		{C6C5958F-8F61-4A72-A81F-9793F43587C8}.Release|Any CPU.Build.0 = Release|Any CPU
		{C6C5958F-8F61-4A72-A81F-9793F43587C8}.Release|x64.ActiveCfg = Release|Any CPU
		{C6C5958F-8F61-4A72-A81F-9793F43587C8}.Release|x64.Build.0 = Release|Any CPU
		{C6C5958F-8F61-4A72-A81F-9793F43587C8}.Release|x86.ActiveCfg = Release|Any CPU
		{C6C5958F-8F61-4A72-A81F-9793F43587C8}.Release|x86.Build.0 = Release|Any CPU
		{89CB4215-513A-4DA3-827A-49C0DC653D83}.Debug|Any CPU.ActiveCfg = Debug|Any CPU
		{89CB4215-513A-4DA3-827A-49C0DC653D83}.Debug|Any CPU.Build.0 = Debug|Any CPU
		{89CB4215-513A-4DA3-827A-49C0DC653D83}.Debug|x64.ActiveCfg = Debug|Any CPU
		{89CB4215-513A-4DA3-827A-49C0DC653D83}.Debug|x64.Build.0 = Debug|Any CPU
		{89CB4215-513A-4DA3-827A-49C0DC653D83}.Debug|x86.ActiveCfg = Debug|Any CPU
		{89CB4215-513A-4DA3-827A-49C0DC653D83}.Debug|x86.Build.0 = Debug|Any CPU
		{89CB4215-513A-4DA3-827A-49C0DC653D83}.Release|Any CPU.ActiveCfg = Release|Any CPU
		{89CB4215-513A-4DA3-827A-49C0DC653D83}.Release|Any CPU.Build.0 = Release|Any CPU
		{89CB4215-513A-4DA3-827A-49C0DC653D83}.Release|x64.ActiveCfg = Release|Any CPU
		{89CB4215-513A-4DA3-827A-49C0DC653D83}.Release|x64.Build.0 = Release|Any CPU
		{89CB4215-513A-4DA3-827A-49C0DC653D83}.Release|x86.ActiveCfg = Release|Any CPU
		{89CB4215-513A-4DA3-827A-49C0DC653D83}.Release|x86.Build.0 = Release|Any CPU
		{E01AF074-6405-4A88-8A80-DA0F22E641F8}.Debug|Any CPU.ActiveCfg = Debug|Any CPU
		{E01AF074-6405-4A88-8A80-DA0F22E641F8}.Debug|Any CPU.Build.0 = Debug|Any CPU
		{E01AF074-6405-4A88-8A80-DA0F22E641F8}.Debug|x64.ActiveCfg = Debug|Any CPU
		{E01AF074-6405-4A88-8A80-DA0F22E641F8}.Debug|x64.Build.0 = Debug|Any CPU
		{E01AF074-6405-4A88-8A80-DA0F22E641F8}.Debug|x86.ActiveCfg = Debug|Any CPU
		{E01AF074-6405-4A88-8A80-DA0F22E641F8}.Debug|x86.Build.0 = Debug|Any CPU
		{E01AF074-6405-4A88-8A80-DA0F22E641F8}.Release|Any CPU.ActiveCfg = Release|Any CPU
		{E01AF074-6405-4A88-8A80-DA0F22E641F8}.Release|Any CPU.Build.0 = Release|Any CPU
		{E01AF074-6405-4A88-8A80-DA0F22E641F8}.Release|x64.ActiveCfg = Release|Any CPU
		{E01AF074-6405-4A88-8A80-DA0F22E641F8}.Release|x64.Build.0 = Release|Any CPU
		{E01AF074-6405-4A88-8A80-DA0F22E641F8}.Release|x86.ActiveCfg = Release|Any CPU
		{E01AF074-6405-4A88-8A80-DA0F22E641F8}.Release|x86.Build.0 = Release|Any CPU
		{C5DE4E71-EF82-4BE9-8BD0-48C18F940AFD}.Debug|Any CPU.ActiveCfg = Debug|Any CPU
		{C5DE4E71-EF82-4BE9-8BD0-48C18F940AFD}.Debug|Any CPU.Build.0 = Debug|Any CPU
		{C5DE4E71-EF82-4BE9-8BD0-48C18F940AFD}.Debug|x64.ActiveCfg = Debug|Any CPU
		{C5DE4E71-EF82-4BE9-8BD0-48C18F940AFD}.Debug|x64.Build.0 = Debug|Any CPU
		{C5DE4E71-EF82-4BE9-8BD0-48C18F940AFD}.Debug|x86.ActiveCfg = Debug|Any CPU
		{C5DE4E71-EF82-4BE9-8BD0-48C18F940AFD}.Debug|x86.Build.0 = Debug|Any CPU
		{C5DE4E71-EF82-4BE9-8BD0-48C18F940AFD}.Release|Any CPU.ActiveCfg = Release|Any CPU
		{C5DE4E71-EF82-4BE9-8BD0-48C18F940AFD}.Release|Any CPU.Build.0 = Release|Any CPU
		{C5DE4E71-EF82-4BE9-8BD0-48C18F940AFD}.Release|x64.ActiveCfg = Release|Any CPU
		{C5DE4E71-EF82-4BE9-8BD0-48C18F940AFD}.Release|x64.Build.0 = Release|Any CPU
		{C5DE4E71-EF82-4BE9-8BD0-48C18F940AFD}.Release|x86.ActiveCfg = Release|Any CPU
		{C5DE4E71-EF82-4BE9-8BD0-48C18F940AFD}.Release|x86.Build.0 = Release|Any CPU
	EndGlobalSection
EndGlobal
